
Microsoft Visual Studio Solution File, Format Version 12.00
# Visual Studio Version 17
VisualStudioVersion = 17.11.35312.102
MinimumVisualStudioVersion = 10.0.40219.1
Project("{FAE04EC0-301F-11D3-BF4B-00C04F79EFBC}") = "First-API-JWT-Redis", "First-API-JWT-Redis\First-API-JWT-Redis.csproj", "{3878B3AB-A52A-4798-A148-D7DBF1FEF6DB}"
EndProject
Global
	GlobalSection(SolutionConfigurationPlatforms) = preSolution
		Debug|Any CPU = Debug|Any CPU
		Release|Any CPU = Release|Any CPU
	EndGlobalSection
	GlobalSection(ProjectConfigurationPlatforms) = postSolution
		{3878B3AB-A52A-4798-A148-D7DBF1FEF6DB}.Debug|Any CPU.ActiveCfg = Debug|Any CPU
		{3878B3AB-A52A-4798-A148-D7DBF1FEF6DB}.Debug|Any CPU.Build.0 = Debug|Any CPU
		{3878B3AB-A52A-4798-A148-D7DBF1FEF6DB}.Release|Any CPU.ActiveCfg = Release|Any CPU
		{3878B3AB-A52A-4798-A148-D7DBF1FEF6DB}.Release|Any CPU.Build.0 = Release|Any CPU
	EndGlobalSection
	GlobalSection(SolutionProperties) = preSolution
		HideSolutionNode = FALSE
	EndGlobalSection
	GlobalSection(ExtensibilityGlobals) = postSolution
		SolutionGuid = {7E48FC34-6D39-44D8-A115-B1BF6CD676FD}
	EndGlobalSection
EndGlobal
